// !$*UTF8*$!
{
	archiveVersion = 1;
	classes = {
	};
	objectVersion = 56;
	objects = {

/* Begin PBXBuildFile section */
		1713A6032A0BB4E10088A9EE /* AppDelegate.swift in Sources */ = {isa = PBXBuildFile; fileRef = 1713A6022A0BB4E10088A9EE /* AppDelegate.swift */; };
		1713A6052A0BB4E10088A9EE /* SceneDelegate.swift in Sources */ = {isa = PBXBuildFile; fileRef = 1713A6042A0BB4E10088A9EE /* SceneDelegate.swift */; };
		1713A60C2A0BB4E40088A9EE /* Assets.xcassets in Resources */ = {isa = PBXBuildFile; fileRef = 1713A60B2A0BB4E40088A9EE /* Assets.xcassets */; };
		1713A60F2A0BB4E40088A9EE /* LaunchScreen.storyboard in Resources */ = {isa = PBXBuildFile; fileRef = 1713A60D2A0BB4E40088A9EE /* LaunchScreen.storyboard */; };
		1713A6182A0BB52D0088A9EE /* Coordinator.swift in Sources */ = {isa = PBXBuildFile; fileRef = 1713A6172A0BB52D0088A9EE /* Coordinator.swift */; };
		1713A61B2A0BB5970088A9EE /* MainViewController.swift in Sources */ = {isa = PBXBuildFile; fileRef = 1713A61A2A0BB5970088A9EE /* MainViewController.swift */; };
		1713A6212A0BD4D50088A9EE /* MainCoordinator.swift in Sources */ = {isa = PBXBuildFile; fileRef = 1713A6202A0BD4D50088A9EE /* MainCoordinator.swift */; };
		1713A6232A0BD62A0088A9EE /* BookmarkCoordinator.swift in Sources */ = {isa = PBXBuildFile; fileRef = 1713A6222A0BD62A0088A9EE /* BookmarkCoordinator.swift */; };
		1713A6272A0BD8650088A9EE /* ProfileViewController.swift in Sources */ = {isa = PBXBuildFile; fileRef = 1713A6262A0BD8650088A9EE /* ProfileViewController.swift */; };
		1713A6292A0BD8710088A9EE /* CategoriesViewController.swift in Sources */ = {isa = PBXBuildFile; fileRef = 1713A6282A0BD8710088A9EE /* CategoriesViewController.swift */; };
		1713A62C2A0BD8870088A9EE /* SnapKit in Frameworks */ = {isa = PBXBuildFile; productRef = 1713A62B2A0BD8870088A9EE /* SnapKit */; };
		1713A62E2A0BD8A20088A9EE /* ProfileCoordinator.swift in Sources */ = {isa = PBXBuildFile; fileRef = 1713A62D2A0BD8A20088A9EE /* ProfileCoordinator.swift */; };
		1713A6302A0BD8AF0088A9EE /* CategoriesCoordinator.swift in Sources */ = {isa = PBXBuildFile; fileRef = 1713A62F2A0BD8AF0088A9EE /* CategoriesCoordinator.swift */; };
		1713A6342A0BDB920088A9EE /* NetworkService.swift in Sources */ = {isa = PBXBuildFile; fileRef = 1713A6332A0BDB920088A9EE /* NetworkService.swift */; };
		1713A6372A0BE69D0088A9EE /* NewsApiResponseDTO.swift in Sources */ = {isa = PBXBuildFile; fileRef = 1713A6362A0BE69D0088A9EE /* NewsApiResponseDTO.swift */; };
		1713A6392A0BE6EA0088A9EE /* ArticleDTO.swift in Sources */ = {isa = PBXBuildFile; fileRef = 1713A6382A0BE6EA0088A9EE /* ArticleDTO.swift */; };
		1713A63C2A0BE8980088A9EE /* NewsService.swift in Sources */ = {isa = PBXBuildFile; fileRef = 1713A63B2A0BE8980088A9EE /* NewsService.swift */; };
		1762D9AE2A0CE13C00946464 /* BookmarkDTO.swift in Sources */ = {isa = PBXBuildFile; fileRef = 1762D9AD2A0CE13C00946464 /* BookmarkDTO.swift */; };
		1762D9B12A0CE1E500946464 /* BookmarksViewController.swift in Sources */ = {isa = PBXBuildFile; fileRef = 1762D9AF2A0CE1E500946464 /* BookmarksViewController.swift */; };
		1762D9B22A0CE1E500946464 /* BookmarksViewController.xib in Resources */ = {isa = PBXBuildFile; fileRef = 1762D9B02A0CE1E500946464 /* BookmarksViewController.xib */; };
		1762D9B52A0CE58500946464 /* FirebaseAnalytics in Frameworks */ = {isa = PBXBuildFile; productRef = 1762D9B42A0CE58500946464 /* FirebaseAnalytics */; };
		1762D9B72A0CE58500946464 /* FirebaseAnalyticsSwift in Frameworks */ = {isa = PBXBuildFile; productRef = 1762D9B62A0CE58500946464 /* FirebaseAnalyticsSwift */; };
		1762D9B92A0CE58500946464 /* FirebaseAnalyticsWithoutAdIdSupport in Frameworks */ = {isa = PBXBuildFile; productRef = 1762D9B82A0CE58500946464 /* FirebaseAnalyticsWithoutAdIdSupport */; };
		1762D9BB2A0CE58500946464 /* FirebaseAuth in Frameworks */ = {isa = PBXBuildFile; productRef = 1762D9BA2A0CE58500946464 /* FirebaseAuth */; };
		1762D9BD2A0CE58500946464 /* FirebaseFirestore in Frameworks */ = {isa = PBXBuildFile; productRef = 1762D9BC2A0CE58500946464 /* FirebaseFirestore */; };
		1762D9BF2A0CE58500946464 /* FirebaseFirestoreSwift in Frameworks */ = {isa = PBXBuildFile; productRef = 1762D9BE2A0CE58500946464 /* FirebaseFirestoreSwift */; };
		1762D9C12A0CE5A000946464 /* GoogleService-Info.plist in Resources */ = {isa = PBXBuildFile; fileRef = 1762D9C02A0CE59B00946464 /* GoogleService-Info.plist */; };
		1762D9C52A0CEA6300946464 /* SDWebImage in Frameworks */ = {isa = PBXBuildFile; productRef = 1762D9C42A0CEA6300946464 /* SDWebImage */; };
		1762D9C82A0D033800946464 /* AuthService.swift in Sources */ = {isa = PBXBuildFile; fileRef = 1762D9C72A0D033800946464 /* AuthService.swift */; };
		1762D9CB2A0D047000946464 /* BookmarkService.swift in Sources */ = {isa = PBXBuildFile; fileRef = 1762D9CA2A0D047000946464 /* BookmarkService.swift */; };
		8E47A7982A0DFA53008006F4 /* OnBoardingViewController.swift in Sources */ = {isa = PBXBuildFile; fileRef = 8E47A7972A0DFA53008006F4 /* OnBoardingViewController.swift */; };
		8E47A79B2A0DFA77008006F4 /* OnBoardingPage.swift in Sources */ = {isa = PBXBuildFile; fileRef = 8E47A79A2A0DFA77008006F4 /* OnBoardingPage.swift */; };
		8E47A79D2A0DFAD4008006F4 /* OnBoardingView.swift in Sources */ = {isa = PBXBuildFile; fileRef = 8E47A79C2A0DFAD4008006F4 /* OnBoardingView.swift */; };
		8E47A79F2A0DFF00008006F4 /* InteractivePageIndicator.swift in Sources */ = {isa = PBXBuildFile; fileRef = 8E47A79E2A0DFF00008006F4 /* InteractivePageIndicator.swift */; };
		8E47A7A22A11EE8F008006F4 /* AuthorizationViewController.swift in Sources */ = {isa = PBXBuildFile; fileRef = 8E47A7A12A11EE8F008006F4 /* AuthorizationViewController.swift */; };
		8E47A7A42A11EEDF008006F4 /* SignUpButton.swift in Sources */ = {isa = PBXBuildFile; fileRef = 8E47A7A32A11EEDF008006F4 /* SignUpButton.swift */; };
		8E47A7A62A11EF04008006F4 /* TextFieldView.swift in Sources */ = {isa = PBXBuildFile; fileRef = 8E47A7A52A11EF04008006F4 /* TextFieldView.swift */; };
		8E47A7AA2A133EB7008006F4 /* RegistrationViewController.swift in Sources */ = {isa = PBXBuildFile; fileRef = 8E47A7A92A133EB7008006F4 /* RegistrationViewController.swift */; };
/* End PBXBuildFile section */

/* Begin PBXFileReference section */
		1713A5FF2A0BB4E10088A9EE /* NewsApp.app */ = {isa = PBXFileReference; explicitFileType = wrapper.application; includeInIndex = 0; path = NewsApp.app; sourceTree = BUILT_PRODUCTS_DIR; };
		1713A6022A0BB4E10088A9EE /* AppDelegate.swift */ = {isa = PBXFileReference; lastKnownFileType = sourcecode.swift; path = AppDelegate.swift; sourceTree = "<group>"; };
		1713A6042A0BB4E10088A9EE /* SceneDelegate.swift */ = {isa = PBXFileReference; lastKnownFileType = sourcecode.swift; path = SceneDelegate.swift; sourceTree = "<group>"; };
		1713A60B2A0BB4E40088A9EE /* Assets.xcassets */ = {isa = PBXFileReference; lastKnownFileType = folder.assetcatalog; path = Assets.xcassets; sourceTree = "<group>"; };
		1713A60E2A0BB4E40088A9EE /* Base */ = {isa = PBXFileReference; lastKnownFileType = file.storyboard; name = Base; path = Base.lproj/LaunchScreen.storyboard; sourceTree = "<group>"; };
		1713A6102A0BB4E40088A9EE /* Info.plist */ = {isa = PBXFileReference; lastKnownFileType = text.plist.xml; path = Info.plist; sourceTree = "<group>"; };
		1713A6172A0BB52D0088A9EE /* Coordinator.swift */ = {isa = PBXFileReference; lastKnownFileType = sourcecode.swift; path = Coordinator.swift; sourceTree = "<group>"; };
		1713A61A2A0BB5970088A9EE /* MainViewController.swift */ = {isa = PBXFileReference; lastKnownFileType = sourcecode.swift; path = MainViewController.swift; sourceTree = "<group>"; };
		1713A6202A0BD4D50088A9EE /* MainCoordinator.swift */ = {isa = PBXFileReference; lastKnownFileType = sourcecode.swift; path = MainCoordinator.swift; sourceTree = "<group>"; };
		1713A6222A0BD62A0088A9EE /* BookmarkCoordinator.swift */ = {isa = PBXFileReference; lastKnownFileType = sourcecode.swift; path = BookmarkCoordinator.swift; sourceTree = "<group>"; };
		1713A6262A0BD8650088A9EE /* ProfileViewController.swift */ = {isa = PBXFileReference; lastKnownFileType = sourcecode.swift; path = ProfileViewController.swift; sourceTree = "<group>"; };
		1713A6282A0BD8710088A9EE /* CategoriesViewController.swift */ = {isa = PBXFileReference; lastKnownFileType = sourcecode.swift; path = CategoriesViewController.swift; sourceTree = "<group>"; };
		1713A62D2A0BD8A20088A9EE /* ProfileCoordinator.swift */ = {isa = PBXFileReference; lastKnownFileType = sourcecode.swift; path = ProfileCoordinator.swift; sourceTree = "<group>"; };
		1713A62F2A0BD8AF0088A9EE /* CategoriesCoordinator.swift */ = {isa = PBXFileReference; lastKnownFileType = sourcecode.swift; path = CategoriesCoordinator.swift; sourceTree = "<group>"; };
		1713A6332A0BDB920088A9EE /* NetworkService.swift */ = {isa = PBXFileReference; lastKnownFileType = sourcecode.swift; path = NetworkService.swift; sourceTree = "<group>"; };
		1713A6362A0BE69D0088A9EE /* NewsApiResponseDTO.swift */ = {isa = PBXFileReference; lastKnownFileType = sourcecode.swift; path = NewsApiResponseDTO.swift; sourceTree = "<group>"; };
		1713A6382A0BE6EA0088A9EE /* ArticleDTO.swift */ = {isa = PBXFileReference; lastKnownFileType = sourcecode.swift; path = ArticleDTO.swift; sourceTree = "<group>"; };
		1713A63B2A0BE8980088A9EE /* NewsService.swift */ = {isa = PBXFileReference; lastKnownFileType = sourcecode.swift; path = NewsService.swift; sourceTree = "<group>"; };
		1762D9AD2A0CE13C00946464 /* BookmarkDTO.swift */ = {isa = PBXFileReference; lastKnownFileType = sourcecode.swift; path = BookmarkDTO.swift; sourceTree = "<group>"; };
		1762D9AF2A0CE1E500946464 /* BookmarksViewController.swift */ = {isa = PBXFileReference; lastKnownFileType = sourcecode.swift; path = BookmarksViewController.swift; sourceTree = "<group>"; };
		1762D9B02A0CE1E500946464 /* BookmarksViewController.xib */ = {isa = PBXFileReference; lastKnownFileType = file.xib; path = BookmarksViewController.xib; sourceTree = "<group>"; };
		1762D9C02A0CE59B00946464 /* GoogleService-Info.plist */ = {isa = PBXFileReference; fileEncoding = 4; lastKnownFileType = text.plist.xml; path = "GoogleService-Info.plist"; sourceTree = "<group>"; };
		1762D9C72A0D033800946464 /* AuthService.swift */ = {isa = PBXFileReference; lastKnownFileType = sourcecode.swift; path = AuthService.swift; sourceTree = "<group>"; };
		1762D9CA2A0D047000946464 /* BookmarkService.swift */ = {isa = PBXFileReference; lastKnownFileType = sourcecode.swift; path = BookmarkService.swift; sourceTree = "<group>"; };
		8E47A7972A0DFA53008006F4 /* OnBoardingViewController.swift */ = {isa = PBXFileReference; lastKnownFileType = sourcecode.swift; path = OnBoardingViewController.swift; sourceTree = "<group>"; };
		8E47A79A2A0DFA77008006F4 /* OnBoardingPage.swift */ = {isa = PBXFileReference; lastKnownFileType = sourcecode.swift; path = OnBoardingPage.swift; sourceTree = "<group>"; };
		8E47A79C2A0DFAD4008006F4 /* OnBoardingView.swift */ = {isa = PBXFileReference; lastKnownFileType = sourcecode.swift; path = OnBoardingView.swift; sourceTree = "<group>"; };
		8E47A79E2A0DFF00008006F4 /* InteractivePageIndicator.swift */ = {isa = PBXFileReference; lastKnownFileType = sourcecode.swift; path = InteractivePageIndicator.swift; sourceTree = "<group>"; };
		8E47A7A12A11EE8F008006F4 /* AuthorizationViewController.swift */ = {isa = PBXFileReference; lastKnownFileType = sourcecode.swift; path = AuthorizationViewController.swift; sourceTree = "<group>"; };
		8E47A7A32A11EEDF008006F4 /* SignUpButton.swift */ = {isa = PBXFileReference; lastKnownFileType = sourcecode.swift; path = SignUpButton.swift; sourceTree = "<group>"; };
		8E47A7A52A11EF04008006F4 /* TextFieldView.swift */ = {isa = PBXFileReference; lastKnownFileType = sourcecode.swift; path = TextFieldView.swift; sourceTree = "<group>"; };
		8E47A7A92A133EB7008006F4 /* RegistrationViewController.swift */ = {isa = PBXFileReference; lastKnownFileType = sourcecode.swift; path = RegistrationViewController.swift; sourceTree = "<group>"; };
/* End PBXFileReference section */

/* Begin PBXFrameworksBuildPhase section */
		1713A5FC2A0BB4E10088A9EE /* Frameworks */ = {
			isa = PBXFrameworksBuildPhase;
			buildActionMask = 2147483647;
			files = (
				1762D9B72A0CE58500946464 /* FirebaseAnalyticsSwift in Frameworks */,
				1762D9BB2A0CE58500946464 /* FirebaseAuth in Frameworks */,
				1762D9C52A0CEA6300946464 /* SDWebImage in Frameworks */,
				1762D9B52A0CE58500946464 /* FirebaseAnalytics in Frameworks */,
				1762D9BF2A0CE58500946464 /* FirebaseFirestoreSwift in Frameworks */,
				1713A62C2A0BD8870088A9EE /* SnapKit in Frameworks */,
				1762D9B92A0CE58500946464 /* FirebaseAnalyticsWithoutAdIdSupport in Frameworks */,
				1762D9BD2A0CE58500946464 /* FirebaseFirestore in Frameworks */,
			);
			runOnlyForDeploymentPostprocessing = 0;
		};
/* End PBXFrameworksBuildPhase section */

/* Begin PBXGroup section */
		1713A5F62A0BB4E10088A9EE = {
			isa = PBXGroup;
			children = (
				1713A6012A0BB4E10088A9EE /* NewsApp */,
				1713A6002A0BB4E10088A9EE /* Products */,
			);
			sourceTree = "<group>";
		};
		1713A6002A0BB4E10088A9EE /* Products */ = {
			isa = PBXGroup;
			children = (
				1713A5FF2A0BB4E10088A9EE /* NewsApp.app */,
			);
			name = Products;
			sourceTree = "<group>";
		};
		1713A6012A0BB4E10088A9EE /* NewsApp */ = {
			isa = PBXGroup;
			children = (
				1713A6352A0BE6800088A9EE /* DTO */,
				1713A6312A0BDB090088A9EE /* Service */,
				1713A6192A0BB5770088A9EE /* Flows */,
				1713A6162A0BB51F0088A9EE /* Utils */,
				1713A6022A0BB4E10088A9EE /* AppDelegate.swift */,
				1713A6042A0BB4E10088A9EE /* SceneDelegate.swift */,
				1762D9C02A0CE59B00946464 /* GoogleService-Info.plist */,
				1713A60B2A0BB4E40088A9EE /* Assets.xcassets */,
				1713A60D2A0BB4E40088A9EE /* LaunchScreen.storyboard */,
				1713A6102A0BB4E40088A9EE /* Info.plist */,
			);
			path = NewsApp;
			sourceTree = "<group>";
		};
		1713A6162A0BB51F0088A9EE /* Utils */ = {
			isa = PBXGroup;
			children = (
				1713A6172A0BB52D0088A9EE /* Coordinator.swift */,
			);
			path = Utils;
			sourceTree = "<group>";
		};
		1713A6192A0BB5770088A9EE /* Flows */ = {
			isa = PBXGroup;
			children = (
				8E47A7A82A133E84008006F4 /* Registration */,
				8E47A7A02A11EE52008006F4 /* Authorization */,
				8E47A7962A0DFA36008006F4 /* OnBoarding */,
				1713A6252A0BD8250088A9EE /* Categories */,
				1713A6242A0BD81E0088A9EE /* Profile */,
				1713A61D2A0BCB650088A9EE /* Bookmarks */,
				1713A61C2A0BCB600088A9EE /* Main */,
			);
			path = Flows;
			sourceTree = "<group>";
		};
		1713A61C2A0BCB600088A9EE /* Main */ = {
			isa = PBXGroup;
			children = (
				1713A61A2A0BB5970088A9EE /* MainViewController.swift */,
				1713A6202A0BD4D50088A9EE /* MainCoordinator.swift */,
			);
			path = Main;
			sourceTree = "<group>";
		};
		1713A61D2A0BCB650088A9EE /* Bookmarks */ = {
			isa = PBXGroup;
			children = (
				1762D9C22A0CE98D00946464 /* Views */,
				1713A6222A0BD62A0088A9EE /* BookmarkCoordinator.swift */,
				1762D9AF2A0CE1E500946464 /* BookmarksViewController.swift */,
				1762D9B02A0CE1E500946464 /* BookmarksViewController.xib */,
			);
			path = Bookmarks;
			sourceTree = "<group>";
		};
		1713A6242A0BD81E0088A9EE /* Profile */ = {
			isa = PBXGroup;
			children = (
				1713A6262A0BD8650088A9EE /* ProfileViewController.swift */,
				1713A62D2A0BD8A20088A9EE /* ProfileCoordinator.swift */,
			);
			path = Profile;
			sourceTree = "<group>";
		};
		1713A6252A0BD8250088A9EE /* Categories */ = {
			isa = PBXGroup;
			children = (
				1713A6282A0BD8710088A9EE /* CategoriesViewController.swift */,
				1713A62F2A0BD8AF0088A9EE /* CategoriesCoordinator.swift */,
			);
			path = Categories;
			sourceTree = "<group>";
		};
		1713A6312A0BDB090088A9EE /* Service */ = {
			isa = PBXGroup;
			children = (
				1762D9C92A0D045C00946464 /* BookmarkService */,
				1762D9C62A0D032500946464 /* AuthService */,
				1713A63A2A0BE8890088A9EE /* NewsService */,
				1713A6322A0BDB130088A9EE /* Network */,
			);
			path = Service;
			sourceTree = "<group>";
		};
		1713A6322A0BDB130088A9EE /* Network */ = {
			isa = PBXGroup;
			children = (
				1713A6332A0BDB920088A9EE /* NetworkService.swift */,
			);
			path = Network;
			sourceTree = "<group>";
		};
		1713A6352A0BE6800088A9EE /* DTO */ = {
			isa = PBXGroup;
			children = (
				1713A6362A0BE69D0088A9EE /* NewsApiResponseDTO.swift */,
				1713A6382A0BE6EA0088A9EE /* ArticleDTO.swift */,
				1762D9AD2A0CE13C00946464 /* BookmarkDTO.swift */,
			);
			path = DTO;
			sourceTree = "<group>";
		};
		1713A63A2A0BE8890088A9EE /* NewsService */ = {
			isa = PBXGroup;
			children = (
				1713A63B2A0BE8980088A9EE /* NewsService.swift */,
			);
			path = NewsService;
			sourceTree = "<group>";
		};
		1762D9C22A0CE98D00946464 /* Views */ = {
			isa = PBXGroup;
			children = (
			);
			path = Views;
			sourceTree = "<group>";
		};
		1762D9C62A0D032500946464 /* AuthService */ = {
			isa = PBXGroup;
			children = (
				1762D9C72A0D033800946464 /* AuthService.swift */,
			);
			path = AuthService;
			sourceTree = "<group>";
		};
		1762D9C92A0D045C00946464 /* BookmarkService */ = {
			isa = PBXGroup;
			children = (
				1762D9CA2A0D047000946464 /* BookmarkService.swift */,
			);
			path = BookmarkService;
			sourceTree = "<group>";
		};
		8E47A7962A0DFA36008006F4 /* OnBoarding */ = {
			isa = PBXGroup;
			children = (
				8E47A7992A0DFA65008006F4 /* View */,
				8E47A7972A0DFA53008006F4 /* OnBoardingViewController.swift */,
			);
			path = OnBoarding;
			sourceTree = "<group>";
		};
		8E47A7992A0DFA65008006F4 /* View */ = {
			isa = PBXGroup;
			children = (
				8E47A79A2A0DFA77008006F4 /* OnBoardingPage.swift */,
				8E47A79C2A0DFAD4008006F4 /* OnBoardingView.swift */,
				8E47A79E2A0DFF00008006F4 /* InteractivePageIndicator.swift */,
			);
			path = View;
			sourceTree = "<group>";
		};
		8E47A7A02A11EE52008006F4 /* Authorization */ = {
			isa = PBXGroup;
			children = (
				8E47A7A12A11EE8F008006F4 /* AuthorizationViewController.swift */,
				8E47A7A72A11F05B008006F4 /* View */,
			);
			path = Authorization;
			sourceTree = "<group>";
		};
		8E47A7A72A11F05B008006F4 /* View */ = {
			isa = PBXGroup;
			children = (
				8E47A7A32A11EEDF008006F4 /* SignUpButton.swift */,
				8E47A7A52A11EF04008006F4 /* TextFieldView.swift */,
			);
			path = View;
			sourceTree = "<group>";
		};
		8E47A7A82A133E84008006F4 /* Registration */ = {
			isa = PBXGroup;
			children = (
				8E47A7A92A133EB7008006F4 /* RegistrationViewController.swift */,
			);
			path = Registration;
			sourceTree = "<group>";
		};
/* End PBXGroup section */

/* Begin PBXNativeTarget section */
		1713A5FE2A0BB4E10088A9EE /* NewsApp */ = {
			isa = PBXNativeTarget;
			buildConfigurationList = 1713A6132A0BB4E40088A9EE /* Build configuration list for PBXNativeTarget "NewsApp" */;
			buildPhases = (
				1713A5FB2A0BB4E10088A9EE /* Sources */,
				1713A5FC2A0BB4E10088A9EE /* Frameworks */,
				1713A5FD2A0BB4E10088A9EE /* Resources */,
			);
			buildRules = (
			);
			dependencies = (
			);
			name = NewsApp;
			packageProductDependencies = (
				1713A62B2A0BD8870088A9EE /* SnapKit */,
				1762D9B42A0CE58500946464 /* FirebaseAnalytics */,
				1762D9B62A0CE58500946464 /* FirebaseAnalyticsSwift */,
				1762D9B82A0CE58500946464 /* FirebaseAnalyticsWithoutAdIdSupport */,
				1762D9BA2A0CE58500946464 /* FirebaseAuth */,
				1762D9BC2A0CE58500946464 /* FirebaseFirestore */,
				1762D9BE2A0CE58500946464 /* FirebaseFirestoreSwift */,
				1762D9C42A0CEA6300946464 /* SDWebImage */,
			);
			productName = NewsApp;
			productReference = 1713A5FF2A0BB4E10088A9EE /* NewsApp.app */;
			productType = "com.apple.product-type.application";
		};
/* End PBXNativeTarget section */

/* Begin PBXProject section */
		1713A5F72A0BB4E10088A9EE /* Project object */ = {
			isa = PBXProject;
			attributes = {
				BuildIndependentTargetsInParallel = 1;
				LastSwiftUpdateCheck = 1410;
				LastUpgradeCheck = 1410;
				TargetAttributes = {
					1713A5FE2A0BB4E10088A9EE = {
						CreatedOnToolsVersion = 14.1;
					};
				};
			};
			buildConfigurationList = 1713A5FA2A0BB4E10088A9EE /* Build configuration list for PBXProject "NewsApp" */;
			compatibilityVersion = "Xcode 14.0";
			developmentRegion = en;
			hasScannedForEncodings = 0;
			knownRegions = (
				en,
				Base,
			);
			mainGroup = 1713A5F62A0BB4E10088A9EE;
			packageReferences = (
				1713A62A2A0BD8870088A9EE /* XCRemoteSwiftPackageReference "SnapKit" */,
				1762D9B32A0CE58500946464 /* XCRemoteSwiftPackageReference "firebase-ios-sdk" */,
				1762D9C32A0CEA6300946464 /* XCRemoteSwiftPackageReference "SDWebImage" */,
			);
			productRefGroup = 1713A6002A0BB4E10088A9EE /* Products */;
			projectDirPath = "";
			projectRoot = "";
			targets = (
				1713A5FE2A0BB4E10088A9EE /* NewsApp */,
			);
		};
/* End PBXProject section */

/* Begin PBXResourcesBuildPhase section */
		1713A5FD2A0BB4E10088A9EE /* Resources */ = {
			isa = PBXResourcesBuildPhase;
			buildActionMask = 2147483647;
			files = (
				1713A60F2A0BB4E40088A9EE /* LaunchScreen.storyboard in Resources */,
				1713A60C2A0BB4E40088A9EE /* Assets.xcassets in Resources */,
				1762D9B22A0CE1E500946464 /* BookmarksViewController.xib in Resources */,
				1762D9C12A0CE5A000946464 /* GoogleService-Info.plist in Resources */,
			);
			runOnlyForDeploymentPostprocessing = 0;
		};
/* End PBXResourcesBuildPhase section */

/* Begin PBXSourcesBuildPhase section */
		1713A5FB2A0BB4E10088A9EE /* Sources */ = {
			isa = PBXSourcesBuildPhase;
			buildActionMask = 2147483647;
			files = (
				1762D9B12A0CE1E500946464 /* BookmarksViewController.swift in Sources */,
				1713A63C2A0BE8980088A9EE /* NewsService.swift in Sources */,
				8E47A7A22A11EE8F008006F4 /* AuthorizationViewController.swift in Sources */,
				1713A6182A0BB52D0088A9EE /* Coordinator.swift in Sources */,
				8E47A7AA2A133EB7008006F4 /* RegistrationViewController.swift in Sources */,
				8E47A79B2A0DFA77008006F4 /* OnBoardingPage.swift in Sources */,
				1713A6212A0BD4D50088A9EE /* MainCoordinator.swift in Sources */,
				8E47A79F2A0DFF00008006F4 /* InteractivePageIndicator.swift in Sources */,
				8E47A7982A0DFA53008006F4 /* OnBoardingViewController.swift in Sources */,
				1713A6292A0BD8710088A9EE /* CategoriesViewController.swift in Sources */,
				1713A6372A0BE69D0088A9EE /* NewsApiResponseDTO.swift in Sources */,
				1713A6302A0BD8AF0088A9EE /* CategoriesCoordinator.swift in Sources */,
				8E47A7A62A11EF04008006F4 /* TextFieldView.swift in Sources */,
				8E47A79D2A0DFAD4008006F4 /* OnBoardingView.swift in Sources */,
				1713A6232A0BD62A0088A9EE /* BookmarkCoordinator.swift in Sources */,
				1713A6032A0BB4E10088A9EE /* AppDelegate.swift in Sources */,
				1762D9AE2A0CE13C00946464 /* BookmarkDTO.swift in Sources */,
				1713A6052A0BB4E10088A9EE /* SceneDelegate.swift in Sources */,
				1713A6272A0BD8650088A9EE /* ProfileViewController.swift in Sources */,
				1713A6392A0BE6EA0088A9EE /* ArticleDTO.swift in Sources */,
				1713A62E2A0BD8A20088A9EE /* ProfileCoordinator.swift in Sources */,
				1762D9C82A0D033800946464 /* AuthService.swift in Sources */,
				1762D9CB2A0D047000946464 /* BookmarkService.swift in Sources */,
				1713A6342A0BDB920088A9EE /* NetworkService.swift in Sources */,
				1713A61B2A0BB5970088A9EE /* MainViewController.swift in Sources */,
				8E47A7A42A11EEDF008006F4 /* SignUpButton.swift in Sources */,
			);
			runOnlyForDeploymentPostprocessing = 0;
		};
/* End PBXSourcesBuildPhase section */

/* Begin PBXVariantGroup section */
		1713A60D2A0BB4E40088A9EE /* LaunchScreen.storyboard */ = {
			isa = PBXVariantGroup;
			children = (
				1713A60E2A0BB4E40088A9EE /* Base */,
			);
			name = LaunchScreen.storyboard;
			sourceTree = "<group>";
		};
/* End PBXVariantGroup section */

/* Begin XCBuildConfiguration section */
		1713A6112A0BB4E40088A9EE /* Debug */ = {
			isa = XCBuildConfiguration;
			buildSettings = {
				ALWAYS_SEARCH_USER_PATHS = NO;
				CLANG_ANALYZER_NONNULL = YES;
				CLANG_ANALYZER_NUMBER_OBJECT_CONVERSION = YES_AGGRESSIVE;
				CLANG_CXX_LANGUAGE_STANDARD = "gnu++20";
				CLANG_ENABLE_MODULES = YES;
				CLANG_ENABLE_OBJC_ARC = YES;
				CLANG_ENABLE_OBJC_WEAK = YES;
				CLANG_WARN_BLOCK_CAPTURE_AUTORELEASING = YES;
				CLANG_WARN_BOOL_CONVERSION = YES;
				CLANG_WARN_COMMA = YES;
				CLANG_WARN_CONSTANT_CONVERSION = YES;
				CLANG_WARN_DEPRECATED_OBJC_IMPLEMENTATIONS = YES;
				CLANG_WARN_DIRECT_OBJC_ISA_USAGE = YES_ERROR;
				CLANG_WARN_DOCUMENTATION_COMMENTS = YES;
				CLANG_WARN_EMPTY_BODY = YES;
				CLANG_WARN_ENUM_CONVERSION = YES;
				CLANG_WARN_INFINITE_RECURSION = YES;
				CLANG_WARN_INT_CONVERSION = YES;
				CLANG_WARN_NON_LITERAL_NULL_CONVERSION = YES;
				CLANG_WARN_OBJC_IMPLICIT_RETAIN_SELF = YES;
				CLANG_WARN_OBJC_LITERAL_CONVERSION = YES;
				CLANG_WARN_OBJC_ROOT_CLASS = YES_ERROR;
				CLANG_WARN_QUOTED_INCLUDE_IN_FRAMEWORK_HEADER = YES;
				CLANG_WARN_RANGE_LOOP_ANALYSIS = YES;
				CLANG_WARN_STRICT_PROTOTYPES = YES;
				CLANG_WARN_SUSPICIOUS_MOVE = YES;
				CLANG_WARN_UNGUARDED_AVAILABILITY = YES_AGGRESSIVE;
				CLANG_WARN_UNREACHABLE_CODE = YES;
				CLANG_WARN__DUPLICATE_METHOD_MATCH = YES;
				COPY_PHASE_STRIP = NO;
				DEBUG_INFORMATION_FORMAT = dwarf;
				ENABLE_STRICT_OBJC_MSGSEND = YES;
				ENABLE_TESTABILITY = YES;
				GCC_C_LANGUAGE_STANDARD = gnu11;
				GCC_DYNAMIC_NO_PIC = NO;
				GCC_NO_COMMON_BLOCKS = YES;
				GCC_OPTIMIZATION_LEVEL = 0;
				GCC_PREPROCESSOR_DEFINITIONS = (
					"DEBUG=1",
					"$(inherited)",
				);
				GCC_WARN_64_TO_32_BIT_CONVERSION = YES;
				GCC_WARN_ABOUT_RETURN_TYPE = YES_ERROR;
				GCC_WARN_UNDECLARED_SELECTOR = YES;
				GCC_WARN_UNINITIALIZED_AUTOS = YES_AGGRESSIVE;
				GCC_WARN_UNUSED_FUNCTION = YES;
				GCC_WARN_UNUSED_VARIABLE = YES;
				IPHONEOS_DEPLOYMENT_TARGET = 16.1;
				MTL_ENABLE_DEBUG_INFO = INCLUDE_SOURCE;
				MTL_FAST_MATH = YES;
				ONLY_ACTIVE_ARCH = YES;
				SDKROOT = iphoneos;
				SWIFT_ACTIVE_COMPILATION_CONDITIONS = DEBUG;
				SWIFT_OPTIMIZATION_LEVEL = "-Onone";
			};
			name = Debug;
		};
		1713A6122A0BB4E40088A9EE /* Release */ = {
			isa = XCBuildConfiguration;
			buildSettings = {
				ALWAYS_SEARCH_USER_PATHS = NO;
				CLANG_ANALYZER_NONNULL = YES;
				CLANG_ANALYZER_NUMBER_OBJECT_CONVERSION = YES_AGGRESSIVE;
				CLANG_CXX_LANGUAGE_STANDARD = "gnu++20";
				CLANG_ENABLE_MODULES = YES;
				CLANG_ENABLE_OBJC_ARC = YES;
				CLANG_ENABLE_OBJC_WEAK = YES;
				CLANG_WARN_BLOCK_CAPTURE_AUTORELEASING = YES;
				CLANG_WARN_BOOL_CONVERSION = YES;
				CLANG_WARN_COMMA = YES;
				CLANG_WARN_CONSTANT_CONVERSION = YES;
				CLANG_WARN_DEPRECATED_OBJC_IMPLEMENTATIONS = YES;
				CLANG_WARN_DIRECT_OBJC_ISA_USAGE = YES_ERROR;
				CLANG_WARN_DOCUMENTATION_COMMENTS = YES;
				CLANG_WARN_EMPTY_BODY = YES;
				CLANG_WARN_ENUM_CONVERSION = YES;
				CLANG_WARN_INFINITE_RECURSION = YES;
				CLANG_WARN_INT_CONVERSION = YES;
				CLANG_WARN_NON_LITERAL_NULL_CONVERSION = YES;
				CLANG_WARN_OBJC_IMPLICIT_RETAIN_SELF = YES;
				CLANG_WARN_OBJC_LITERAL_CONVERSION = YES;
				CLANG_WARN_OBJC_ROOT_CLASS = YES_ERROR;
				CLANG_WARN_QUOTED_INCLUDE_IN_FRAMEWORK_HEADER = YES;
				CLANG_WARN_RANGE_LOOP_ANALYSIS = YES;
				CLANG_WARN_STRICT_PROTOTYPES = YES;
				CLANG_WARN_SUSPICIOUS_MOVE = YES;
				CLANG_WARN_UNGUARDED_AVAILABILITY = YES_AGGRESSIVE;
				CLANG_WARN_UNREACHABLE_CODE = YES;
				CLANG_WARN__DUPLICATE_METHOD_MATCH = YES;
				COPY_PHASE_STRIP = NO;
				DEBUG_INFORMATION_FORMAT = "dwarf-with-dsym";
				ENABLE_NS_ASSERTIONS = NO;
				ENABLE_STRICT_OBJC_MSGSEND = YES;
				GCC_C_LANGUAGE_STANDARD = gnu11;
				GCC_NO_COMMON_BLOCKS = YES;
				GCC_WARN_64_TO_32_BIT_CONVERSION = YES;
				GCC_WARN_ABOUT_RETURN_TYPE = YES_ERROR;
				GCC_WARN_UNDECLARED_SELECTOR = YES;
				GCC_WARN_UNINITIALIZED_AUTOS = YES_AGGRESSIVE;
				GCC_WARN_UNUSED_FUNCTION = YES;
				GCC_WARN_UNUSED_VARIABLE = YES;
				IPHONEOS_DEPLOYMENT_TARGET = 16.1;
				MTL_ENABLE_DEBUG_INFO = NO;
				MTL_FAST_MATH = YES;
				SDKROOT = iphoneos;
				SWIFT_COMPILATION_MODE = wholemodule;
				SWIFT_OPTIMIZATION_LEVEL = "-O";
				VALIDATE_PRODUCT = YES;
			};
			name = Release;
		};
		1713A6142A0BB4E40088A9EE /* Debug */ = {
			isa = XCBuildConfiguration;
			buildSettings = {
				ASSETCATALOG_COMPILER_APPICON_NAME = AppIcon;
				ASSETCATALOG_COMPILER_GLOBAL_ACCENT_COLOR_NAME = AccentColor;
				CODE_SIGN_STYLE = Automatic;
				CURRENT_PROJECT_VERSION = 1;
				DEVELOPMENT_TEAM = 76S5NWF57Q;
				GENERATE_INFOPLIST_FILE = YES;
				INFOPLIST_FILE = NewsApp/Info.plist;
				INFOPLIST_KEY_UIApplicationSupportsIndirectInputEvents = YES;
				INFOPLIST_KEY_UILaunchStoryboardName = LaunchScreen;
				INFOPLIST_KEY_UISupportedInterfaceOrientations = UIInterfaceOrientationPortrait;
				INFOPLIST_KEY_UISupportedInterfaceOrientations_iPad = "UIInterfaceOrientationLandscapeLeft UIInterfaceOrientationLandscapeRight UIInterfaceOrientationPortrait UIInterfaceOrientationPortraitUpsideDown";
				IPHONEOS_DEPLOYMENT_TARGET = 15.0;
				LD_RUNPATH_SEARCH_PATHS = (
					"$(inherited)",
					"@executable_path/Frameworks",
				);
				MARKETING_VERSION = 1.0;
				PRODUCT_BUNDLE_IDENTIFIER = app.mnshkv.NewsApp;
				PRODUCT_NAME = "$(TARGET_NAME)";
				SUPPORTED_PLATFORMS = "iphoneos iphonesimulator";
				SUPPORTS_MACCATALYST = NO;
				SUPPORTS_MAC_DESIGNED_FOR_IPHONE_IPAD = NO;
				SWIFT_EMIT_LOC_STRINGS = YES;
				SWIFT_VERSION = 5.0;
				TARGETED_DEVICE_FAMILY = 1;
			};
			name = Debug;
		};
		1713A6152A0BB4E40088A9EE /* Release */ = {
			isa = XCBuildConfiguration;
			buildSettings = {
				ASSETCATALOG_COMPILER_APPICON_NAME = AppIcon;
				ASSETCATALOG_COMPILER_GLOBAL_ACCENT_COLOR_NAME = AccentColor;
				CODE_SIGN_STYLE = Automatic;
				CURRENT_PROJECT_VERSION = 1;
				DEVELOPMENT_TEAM = 76S5NWF57Q;
				GENERATE_INFOPLIST_FILE = YES;
				INFOPLIST_FILE = NewsApp/Info.plist;
				INFOPLIST_KEY_UIApplicationSupportsIndirectInputEvents = YES;
				INFOPLIST_KEY_UILaunchStoryboardName = LaunchScreen;
				INFOPLIST_KEY_UISupportedInterfaceOrientations = UIInterfaceOrientationPortrait;
				INFOPLIST_KEY_UISupportedInterfaceOrientations_iPad = "UIInterfaceOrientationLandscapeLeft UIInterfaceOrientationLandscapeRight UIInterfaceOrientationPortrait UIInterfaceOrientationPortraitUpsideDown";
				IPHONEOS_DEPLOYMENT_TARGET = 15.0;
				LD_RUNPATH_SEARCH_PATHS = (
					"$(inherited)",
					"@executable_path/Frameworks",
				);
				MARKETING_VERSION = 1.0;
				PRODUCT_BUNDLE_IDENTIFIER = app.mnshkv.NewsApp;
				PRODUCT_NAME = "$(TARGET_NAME)";
				SUPPORTED_PLATFORMS = "iphoneos iphonesimulator";
				SUPPORTS_MACCATALYST = NO;
				SUPPORTS_MAC_DESIGNED_FOR_IPHONE_IPAD = NO;
				SWIFT_EMIT_LOC_STRINGS = YES;
				SWIFT_VERSION = 5.0;
				TARGETED_DEVICE_FAMILY = 1;
			};
			name = Release;
		};
/* End XCBuildConfiguration section */

/* Begin XCConfigurationList section */
		1713A5FA2A0BB4E10088A9EE /* Build configuration list for PBXProject "NewsApp" */ = {
			isa = XCConfigurationList;
			buildConfigurations = (
				1713A6112A0BB4E40088A9EE /* Debug */,
				1713A6122A0BB4E40088A9EE /* Release */,
			);
			defaultConfigurationIsVisible = 0;
			defaultConfigurationName = Release;
		};
		1713A6132A0BB4E40088A9EE /* Build configuration list for PBXNativeTarget "NewsApp" */ = {
			isa = XCConfigurationList;
			buildConfigurations = (
				1713A6142A0BB4E40088A9EE /* Debug */,
				1713A6152A0BB4E40088A9EE /* Release */,
			);
			defaultConfigurationIsVisible = 0;
			defaultConfigurationName = Release;
		};
/* End XCConfigurationList section */

/* Begin XCRemoteSwiftPackageReference section */
		1713A62A2A0BD8870088A9EE /* XCRemoteSwiftPackageReference "SnapKit" */ = {
			isa = XCRemoteSwiftPackageReference;
			repositoryURL = "https://github.com/SnapKit/SnapKit.git";
			requirement = {
				kind = upToNextMajorVersion;
				minimumVersion = 5.0.0;
			};
		};
		1762D9B32A0CE58500946464 /* XCRemoteSwiftPackageReference "firebase-ios-sdk" */ = {
			isa = XCRemoteSwiftPackageReference;
			repositoryURL = "https://github.com/firebase/firebase-ios-sdk";
			requirement = {
				kind = upToNextMajorVersion;
				minimumVersion = 9.0.0;
			};
		};
		1762D9C32A0CEA6300946464 /* XCRemoteSwiftPackageReference "SDWebImage" */ = {
			isa = XCRemoteSwiftPackageReference;
			repositoryURL = "https://github.com/SDWebImage/SDWebImage";
			requirement = {
				kind = upToNextMajorVersion;
				minimumVersion = 5.0.0;
			};
		};
/* End XCRemoteSwiftPackageReference section */

/* Begin XCSwiftPackageProductDependency section */
		1713A62B2A0BD8870088A9EE /* SnapKit */ = {
			isa = XCSwiftPackageProductDependency;
			package = 1713A62A2A0BD8870088A9EE /* XCRemoteSwiftPackageReference "SnapKit" */;
			productName = SnapKit;
		};
		1762D9B42A0CE58500946464 /* FirebaseAnalytics */ = {
			isa = XCSwiftPackageProductDependency;
			package = 1762D9B32A0CE58500946464 /* XCRemoteSwiftPackageReference "firebase-ios-sdk" */;
			productName = FirebaseAnalytics;
		};
		1762D9B62A0CE58500946464 /* FirebaseAnalyticsSwift */ = {
			isa = XCSwiftPackageProductDependency;
			package = 1762D9B32A0CE58500946464 /* XCRemoteSwiftPackageReference "firebase-ios-sdk" */;
			productName = FirebaseAnalyticsSwift;
		};
		1762D9B82A0CE58500946464 /* FirebaseAnalyticsWithoutAdIdSupport */ = {
			isa = XCSwiftPackageProductDependency;
			package = 1762D9B32A0CE58500946464 /* XCRemoteSwiftPackageReference "firebase-ios-sdk" */;
			productName = FirebaseAnalyticsWithoutAdIdSupport;
		};
		1762D9BA2A0CE58500946464 /* FirebaseAuth */ = {
			isa = XCSwiftPackageProductDependency;
			package = 1762D9B32A0CE58500946464 /* XCRemoteSwiftPackageReference "firebase-ios-sdk" */;
			productName = FirebaseAuth;
		};
		1762D9BC2A0CE58500946464 /* FirebaseFirestore */ = {
			isa = XCSwiftPackageProductDependency;
			package = 1762D9B32A0CE58500946464 /* XCRemoteSwiftPackageReference "firebase-ios-sdk" */;
			productName = FirebaseFirestore;
		};
		1762D9BE2A0CE58500946464 /* FirebaseFirestoreSwift */ = {
			isa = XCSwiftPackageProductDependency;
			package = 1762D9B32A0CE58500946464 /* XCRemoteSwiftPackageReference "firebase-ios-sdk" */;
			productName = FirebaseFirestoreSwift;
		};
		1762D9C42A0CEA6300946464 /* SDWebImage */ = {
			isa = XCSwiftPackageProductDependency;
			package = 1762D9C32A0CEA6300946464 /* XCRemoteSwiftPackageReference "SDWebImage" */;
			productName = SDWebImage;
		};
/* End XCSwiftPackageProductDependency section */
	};
	rootObject = 1713A5F72A0BB4E10088A9EE /* Project object */;
}
